
Microsoft Visual Studio Solution File, Format Version 12.00
# Visual Studio Version 17
VisualStudioVersion = 17.10.35027.167
MinimumVisualStudioVersion = 10.0.40219.1
Project("{8BC9CEB8-8B4A-11D0-8D11-00A0C91BC942}") = "Geargrafx", "Geargrafx.vcxproj", "{2344A943-76D2-473D-A742-4B3583B894AC}"
EndProject
Global
	GlobalSection(SolutionConfigurationPlatforms) = preSolution
		Debug|ARM64 = Debug|ARM64
		Debug|x64 = Debug|x64
		Release|ARM64 = Release|ARM64
		Release|x64 = Release|x64
	EndGlobalSection
	GlobalSection(ProjectConfigurationPlatforms) = postSolution
		{2344A943-76D2-473D-A742-4B3583B894AC}.Debug|ARM64.ActiveCfg = Debug|ARM64
		{2344A943-76D2-473D-A742-4B3583B894AC}.Debug|ARM64.Build.0 = Debug|ARM64
		{2344A943-76D2-473D-A742-4B3583B894AC}.Debug|x64.ActiveCfg = Debug|x64
		{2344A943-76D2-473D-A742-4B3583B894AC}.Debug|x64.Build.0 = Debug|x64
		{2344A943-76D2-473D-A742-4B3583B894AC}.Release|ARM64.ActiveCfg = Release|ARM64
		{2344A943-76D2-473D-A742-4B3583B894AC}.Release|ARM64.Build.0 = Release|ARM64
		{2344A943-76D2-473D-A742-4B3583B894AC}.Release|x64.ActiveCfg = Release|x64
		{2344A943-76D2-473D-A742-4B3583B894AC}.Release|x64.Build.0 = Release|x64
	EndGlobalSection
	GlobalSection(SolutionProperties) = preSolution
		HideSolutionNode = FALSE
	EndGlobalSection
	GlobalSection(ExtensibilityGlobals) = postSolution
		SolutionGuid = {651FFC8E-D925-49AD-9611-6F31F30AE64C}
	EndGlobalSection
EndGlobal
